
Microsoft Visual Studio Solution File, Format Version 12.00
# Visual Studio Version 17
VisualStudioVersion = 17.13.35605.110 d17.13
MinimumVisualStudioVersion = 10.0.40219.1
Project("{FAE04EC0-301F-11D3-BF4B-00C04F79EFBC}") = "SQL'de Mükerrer Kayıt Engelleme", "SQL'de Mükerrer Kayıt Engelleme\SQL'de Mükerrer Kayıt Engelleme.csproj", "{1146C68C-2379-437B-915B-178703BCE755}"
EndProject
Global
	GlobalSection(SolutionConfigurationPlatforms) = preSolution
		Debug|Any CPU = Debug|Any CPU
		Release|Any CPU = Release|Any CPU
	EndGlobalSection
	GlobalSection(ProjectConfigurationPlatforms) = postSolution
		{1146C68C-2379-437B-915B-178703BCE755}.Debug|Any CPU.ActiveCfg = Debug|Any CPU
		{1146C68C-2379-437B-915B-178703BCE755}.Debug|Any CPU.Build.0 = Debug|Any CPU
		{1146C68C-2379-437B-915B-178703BCE755}.Release|Any CPU.ActiveCfg = Release|Any CPU
		{1146C68C-2379-437B-915B-178703BCE755}.Release|Any CPU.Build.0 = Release|Any CPU
	EndGlobalSection
	GlobalSection(SolutionProperties) = preSolution
		HideSolutionNode = FALSE
	EndGlobalSection
	GlobalSection(ExtensibilityGlobals) = postSolution
		SolutionGuid = {B2FEB9F8-5179-4E42-9CF3-50B8F27D8956}
	EndGlobalSection
EndGlobal
