
Microsoft Visual Studio Solution File, Format Version 12.00
# Visual Studio Version 17
VisualStudioVersion = 17.13.35605.110 d17.13
MinimumVisualStudioVersion = 10.0.40219.1
Project("{FAE04EC0-301F-11D3-BF4B-00C04F79EFBC}") = "GoogleTranslateUygulaması", "GoogleTranslateUygulaması\GoogleTranslateUygulaması.csproj", "{D8A696AE-9147-4EF8-B2E9-D68277AEF930}"
EndProject
Global
	GlobalSection(SolutionConfigurationPlatforms) = preSolution
		Debug|Any CPU = Debug|Any CPU
		Release|Any CPU = Release|Any CPU
	EndGlobalSection
	GlobalSection(ProjectConfigurationPlatforms) = postSolution
		{D8A696AE-9147-4EF8-B2E9-D68277AEF930}.Debug|Any CPU.ActiveCfg = Debug|Any CPU
		{D8A696AE-9147-4EF8-B2E9-D68277AEF930}.Debug|Any CPU.Build.0 = Debug|Any CPU
		{D8A696AE-9147-4EF8-B2E9-D68277AEF930}.Release|Any CPU.ActiveCfg = Release|Any CPU
		{D8A696AE-9147-4EF8-B2E9-D68277AEF930}.Release|Any CPU.Build.0 = Release|Any CPU
	EndGlobalSection
	GlobalSection(SolutionProperties) = preSolution
		HideSolutionNode = FALSE
	EndGlobalSection
	GlobalSection(ExtensibilityGlobals) = postSolution
		SolutionGuid = {1CF3EE55-D33E-4E2A-9633-A591764A3829}
	EndGlobalSection
EndGlobal
