
Microsoft Visual Studio Solution File, Format Version 12.00
# Visual Studio Version 17
VisualStudioVersion = 17.10.35013.160
MinimumVisualStudioVersion = 10.0.40219.1
Project("{FAE04EC0-301F-11D3-BF4B-00C04F79EFBC}") = "MediaPlayer", "MediaPlayer\MediaPlayer.csproj", "{B0F74ABA-CC99-4653-A81E-247EE05A1AE9}"
EndProject
Global
	GlobalSection(SolutionConfigurationPlatforms) = preSolution
		Debug|Any CPU = Debug|Any CPU
		Release|Any CPU = Release|Any CPU
	EndGlobalSection
	GlobalSection(ProjectConfigurationPlatforms) = postSolution
		{B0F74ABA-CC99-4653-A81E-247EE05A1AE9}.Debug|Any CPU.ActiveCfg = Debug|Any CPU
		{B0F74ABA-CC99-4653-A81E-247EE05A1AE9}.Debug|Any CPU.Build.0 = Debug|Any CPU
		{B0F74ABA-CC99-4653-A81E-247EE05A1AE9}.Release|Any CPU.ActiveCfg = Release|Any CPU
		{B0F74ABA-CC99-4653-A81E-247EE05A1AE9}.Release|Any CPU.Build.0 = Release|Any CPU
	EndGlobalSection
	GlobalSection(SolutionProperties) = preSolution
		HideSolutionNode = FALSE
	EndGlobalSection
	GlobalSection(ExtensibilityGlobals) = postSolution
		SolutionGuid = {5F932298-B734-4F7C-8648-078DCF0BD646}
	EndGlobalSection
EndGlobal
