
Microsoft Visual Studio Solution File, Format Version 12.00
# Visual Studio Version 17
VisualStudioVersion = 17.12.35209.166
MinimumVisualStudioVersion = 10.0.40219.1
Project("{FAE04EC0-301F-11D3-BF4B-00C04F79EFBC}") = "Kapsülleme", "Kapsülleme\Kapsülleme.csproj", "{0E77C0C7-399E-412E-8B1C-ECD43E1FD41C}"
EndProject
Global
	GlobalSection(SolutionConfigurationPlatforms) = preSolution
		Debug|Any CPU = Debug|Any CPU
		Release|Any CPU = Release|Any CPU
	EndGlobalSection
	GlobalSection(ProjectConfigurationPlatforms) = postSolution
		{0E77C0C7-399E-412E-8B1C-ECD43E1FD41C}.Debug|Any CPU.ActiveCfg = Debug|Any CPU
		{0E77C0C7-399E-412E-8B1C-ECD43E1FD41C}.Debug|Any CPU.Build.0 = Debug|Any CPU
		{0E77C0C7-399E-412E-8B1C-ECD43E1FD41C}.Release|Any CPU.ActiveCfg = Release|Any CPU
		{0E77C0C7-399E-412E-8B1C-ECD43E1FD41C}.Release|Any CPU.Build.0 = Release|Any CPU
	EndGlobalSection
	GlobalSection(SolutionProperties) = preSolution
		HideSolutionNode = FALSE
	EndGlobalSection
	GlobalSection(ExtensibilityGlobals) = postSolution
		SolutionGuid = {98C94A1A-76AE-48BD-8BEE-29683130F406}
	EndGlobalSection
EndGlobal
