
Microsoft Visual Studio Solution File, Format Version 12.00
# Visual Studio Version 17
VisualStudioVersion = 17.10.35013.160
MinimumVisualStudioVersion = 10.0.40219.1
Project("{FAE04EC0-301F-11D3-BF4B-00C04F79EFBC}") = "MerhabaDünya", "MerhabaDünya\MerhabaDünya.csproj", "{A4CADAEE-FC3E-4708-AF92-0BF80D25ED94}"
EndProject
Project("{FAE04EC0-301F-11D3-BF4B-00C04F79EFBC}") = "KayıtRehberi", "..\..\..\Desktop\ELIFNUR\KayıtRehberi\KayıtRehberi.csproj", "{65EE90CF-01EF-498B-89A1-25BD87C3C1DC}"
EndProject
Global
	GlobalSection(SolutionConfigurationPlatforms) = preSolution
		Debug|Any CPU = Debug|Any CPU
		Release|Any CPU = Release|Any CPU
	EndGlobalSection
	GlobalSection(ProjectConfigurationPlatforms) = postSolution
		{A4CADAEE-FC3E-4708-AF92-0BF80D25ED94}.Debug|Any CPU.ActiveCfg = Debug|Any CPU
		{A4CADAEE-FC3E-4708-AF92-0BF80D25ED94}.Debug|Any CPU.Build.0 = Debug|Any CPU
		{A4CADAEE-FC3E-4708-AF92-0BF80D25ED94}.Release|Any CPU.ActiveCfg = Release|Any CPU
		{A4CADAEE-FC3E-4708-AF92-0BF80D25ED94}.Release|Any CPU.Build.0 = Release|Any CPU
		{65EE90CF-01EF-498B-89A1-25BD87C3C1DC}.Debug|Any CPU.ActiveCfg = Debug|Any CPU
		{65EE90CF-01EF-498B-89A1-25BD87C3C1DC}.Debug|Any CPU.Build.0 = Debug|Any CPU
		{65EE90CF-01EF-498B-89A1-25BD87C3C1DC}.Release|Any CPU.ActiveCfg = Release|Any CPU
		{65EE90CF-01EF-498B-89A1-25BD87C3C1DC}.Release|Any CPU.Build.0 = Release|Any CPU
	EndGlobalSection
	GlobalSection(SolutionProperties) = preSolution
		HideSolutionNode = FALSE
	EndGlobalSection
	GlobalSection(ExtensibilityGlobals) = postSolution
		SolutionGuid = {A2FDC2AF-B6E0-4AC2-86FB-C04E6149FAC8}
	EndGlobalSection
EndGlobal
