
Microsoft Visual Studio Solution File, Format Version 12.00
# Visual Studio Version 17
VisualStudioVersion = 17.12.35209.166
MinimumVisualStudioVersion = 10.0.40219.1
Project("{FAE04EC0-301F-11D3-BF4B-00C04F79EFBC}") = "Hafıza Oyunu", "Hafıza Oyunu\Hafıza Oyunu.csproj", "{2CF86BBA-D5FF-4B4B-AF2D-0BC8C055BA23}"
EndProject
Global
	GlobalSection(SolutionConfigurationPlatforms) = preSolution
		Debug|Any CPU = Debug|Any CPU
		Release|Any CPU = Release|Any CPU
	EndGlobalSection
	GlobalSection(ProjectConfigurationPlatforms) = postSolution
		{2CF86BBA-D5FF-4B4B-AF2D-0BC8C055BA23}.Debug|Any CPU.ActiveCfg = Debug|Any CPU
		{2CF86BBA-D5FF-4B4B-AF2D-0BC8C055BA23}.Debug|Any CPU.Build.0 = Debug|Any CPU
		{2CF86BBA-D5FF-4B4B-AF2D-0BC8C055BA23}.Release|Any CPU.ActiveCfg = Release|Any CPU
		{2CF86BBA-D5FF-4B4B-AF2D-0BC8C055BA23}.Release|Any CPU.Build.0 = Release|Any CPU
	EndGlobalSection
	GlobalSection(SolutionProperties) = preSolution
		HideSolutionNode = FALSE
	EndGlobalSection
	GlobalSection(ExtensibilityGlobals) = postSolution
		SolutionGuid = {657EC52F-8049-413E-AB67-38845BE87D10}
	EndGlobalSection
EndGlobal
